
Microsoft Visual Studio Solution File, Format Version 12.00
# Visual Studio Version 17
VisualStudioVersion = 17.2.32616.157
MinimumVisualStudioVersion = 10.0.40219.1
Project("{FAE04EC0-301F-11D3-BF4B-00C04F79EFBC}") = "BS.Domain", "BS.Domain\BS.Domain.csproj", "{A784FD9D-E85E-4628-8AEA-EB57FAA8F3B7}"
EndProject
Project("{2150E333-8FDC-42A3-9474-1A3956D46DE8}") = "Solution Items", "Solution Items", "{9267BBF1-8155-44D4-9741-066F694A1796}"
	ProjectSection(SolutionItems) = preProject
		.editorconfig = .editorconfig
		.gitignore = .gitignore
		Directory.Build.props = Directory.Build.props
	EndProjectSection
EndProject
Project("{2150E333-8FDC-42A3-9474-1A3956D46DE8}") = "src", "src", "{79074591-FBB7-43E4-A81C-96A865C2D7A5}"
EndProject
Project("{2150E333-8FDC-42A3-9474-1A3956D46DE8}") = "Core", "Core", "{ABB27207-CA11-4A6C-82C9-5BFD43D060C6}"
EndProject
Project("{2150E333-8FDC-42A3-9474-1A3956D46DE8}") = "Migrators", "Migrators", "{A2450472-3EA9-4CA0-A3EA-F7D07912BC1E}"
EndProject
Project("{2150E333-8FDC-42A3-9474-1A3956D46DE8}") = "tests", "tests", "{285CA69B-6895-4A8C-A73F-C100BA351DE9}"
EndProject
Project("{FAE04EC0-301F-11D3-BF4B-00C04F79EFBC}") = "BS.Application", "BS.Application\BS.Application.csproj", "{2850E3BB-AB05-4BCB-B563-9F7E2BC4BCC2}"
EndProject
Project("{FAE04EC0-301F-11D3-BF4B-00C04F79EFBC}") = "BS.Shared", "BS.Shared\BS.Shared.csproj", "{80F68F22-951E-4BD7-ACCF-1C5FFB7ECF5F}"
EndProject
Project("{FAE04EC0-301F-11D3-BF4B-00C04F79EFBC}") = "BS.Infrastructure", "BS.Infrastructure\BS.Infrastructure.csproj", "{98C87DF7-4843-4522-BD36-EC7C1FAE0CAF}"
EndProject
Project("{FAE04EC0-301F-11D3-BF4B-00C04F79EFBC}") = "BS.Api", "BS.Api\BS.Api.csproj", "{C48EFE57-871A-4622-B456-F1CB2AC7C341}"
EndProject
Global
	GlobalSection(SolutionConfigurationPlatforms) = preSolution
		Debug|Any CPU = Debug|Any CPU
		Release|Any CPU = Release|Any CPU
	EndGlobalSection
	GlobalSection(ProjectConfigurationPlatforms) = postSolution
		{A784FD9D-E85E-4628-8AEA-EB57FAA8F3B7}.Debug|Any CPU.ActiveCfg = Debug|Any CPU
		{A784FD9D-E85E-4628-8AEA-EB57FAA8F3B7}.Debug|Any CPU.Build.0 = Debug|Any CPU
		{A784FD9D-E85E-4628-8AEA-EB57FAA8F3B7}.Release|Any CPU.ActiveCfg = Release|Any CPU
		{A784FD9D-E85E-4628-8AEA-EB57FAA8F3B7}.Release|Any CPU.Build.0 = Release|Any CPU
		{2850E3BB-AB05-4BCB-B563-9F7E2BC4BCC2}.Debug|Any CPU.ActiveCfg = Debug|Any CPU
		{2850E3BB-AB05-4BCB-B563-9F7E2BC4BCC2}.Debug|Any CPU.Build.0 = Debug|Any CPU
		{2850E3BB-AB05-4BCB-B563-9F7E2BC4BCC2}.Release|Any CPU.ActiveCfg = Release|Any CPU
		{2850E3BB-AB05-4BCB-B563-9F7E2BC4BCC2}.Release|Any CPU.Build.0 = Release|Any CPU
		{80F68F22-951E-4BD7-ACCF-1C5FFB7ECF5F}.Debug|Any CPU.ActiveCfg = Debug|Any CPU
		{80F68F22-951E-4BD7-ACCF-1C5FFB7ECF5F}.Debug|Any CPU.Build.0 = Debug|Any CPU
		{80F68F22-951E-4BD7-ACCF-1C5FFB7ECF5F}.Release|Any CPU.ActiveCfg = Release|Any CPU
		{80F68F22-951E-4BD7-ACCF-1C5FFB7ECF5F}.Release|Any CPU.Build.0 = Release|Any CPU
		{98C87DF7-4843-4522-BD36-EC7C1FAE0CAF}.Debug|Any CPU.ActiveCfg = Debug|Any CPU
		{98C87DF7-4843-4522-BD36-EC7C1FAE0CAF}.Debug|Any CPU.Build.0 = Debug|Any CPU
		{98C87DF7-4843-4522-BD36-EC7C1FAE0CAF}.Release|Any CPU.ActiveCfg = Release|Any CPU
		{98C87DF7-4843-4522-BD36-EC7C1FAE0CAF}.Release|Any CPU.Build.0 = Release|Any CPU
		{C48EFE57-871A-4622-B456-F1CB2AC7C341}.Debug|Any CPU.ActiveCfg = Debug|Any CPU
		{C48EFE57-871A-4622-B456-F1CB2AC7C341}.Debug|Any CPU.Build.0 = Debug|Any CPU
		{C48EFE57-871A-4622-B456-F1CB2AC7C341}.Release|Any CPU.ActiveCfg = Release|Any CPU
		{C48EFE57-871A-4622-B456-F1CB2AC7C341}.Release|Any CPU.Build.0 = Release|Any CPU
	EndGlobalSection
	GlobalSection(SolutionProperties) = preSolution
		HideSolutionNode = FALSE
	EndGlobalSection
	GlobalSection(NestedProjects) = preSolution
		{A784FD9D-E85E-4628-8AEA-EB57FAA8F3B7} = {ABB27207-CA11-4A6C-82C9-5BFD43D060C6}
		{ABB27207-CA11-4A6C-82C9-5BFD43D060C6} = {79074591-FBB7-43E4-A81C-96A865C2D7A5}
		{A2450472-3EA9-4CA0-A3EA-F7D07912BC1E} = {79074591-FBB7-43E4-A81C-96A865C2D7A5}
		{2850E3BB-AB05-4BCB-B563-9F7E2BC4BCC2} = {ABB27207-CA11-4A6C-82C9-5BFD43D060C6}
		{80F68F22-951E-4BD7-ACCF-1C5FFB7ECF5F} = {ABB27207-CA11-4A6C-82C9-5BFD43D060C6}
		{98C87DF7-4843-4522-BD36-EC7C1FAE0CAF} = {79074591-FBB7-43E4-A81C-96A865C2D7A5}
		{C48EFE57-871A-4622-B456-F1CB2AC7C341} = {79074591-FBB7-43E4-A81C-96A865C2D7A5}
	EndGlobalSection
	GlobalSection(ExtensibilityGlobals) = postSolution
		SolutionGuid = {8EC68694-394F-4CCC-A3FB-2F9B18B60266}
	EndGlobalSection
EndGlobal
